
Microsoft Visual Studio Solution File, Format Version 12.00
# Visual Studio Version 17
VisualStudioVersion = 17.5.002.0
MinimumVisualStudioVersion = 10.0.40219.1
Project("{9A19103F-16F7-4668-BE54-9A1E7A4F7556}") = "Datapackpack", "Datapackpack.csproj", "{E5554A3F-9815-4D79-86D7-E82C20BE3B4D}"
EndProject
Global
	GlobalSection(SolutionConfigurationPlatforms) = preSolution
		Debug|Any CPU = Debug|Any CPU
		Release|Any CPU = Release|Any CPU
	EndGlobalSection
	GlobalSection(ProjectConfigurationPlatforms) = postSolution
		{E5554A3F-9815-4D79-86D7-E82C20BE3B4D}.Debug|Any CPU.ActiveCfg = Debug|Any CPU
		{E5554A3F-9815-4D79-86D7-E82C20BE3B4D}.Debug|Any CPU.Build.0 = Debug|Any CPU
		{E5554A3F-9815-4D79-86D7-E82C20BE3B4D}.Release|Any CPU.ActiveCfg = Release|Any CPU
		{E5554A3F-9815-4D79-86D7-E82C20BE3B4D}.Release|Any CPU.Build.0 = Release|Any CPU
	EndGlobalSection
	GlobalSection(SolutionProperties) = preSolution
		HideSolutionNode = FALSE
	EndGlobalSection
	GlobalSection(ExtensibilityGlobals) = postSolution
		SolutionGuid = {DB7ADAF5-FEE5-44FB-B589-FC8323075493}
	EndGlobalSection
EndGlobal
